// !$*UTF8*$!
{
	archiveVersion = 1;
	classes = {
	};
	objectVersion = 56;
	objects = {

/* Begin PBXBuildFile section */
		06BBABAE2C0E4D8500257B9D /* PhotoGoApp.swift in Sources */ = {isa = PBXBuildFile; fileRef = 06BBABAD2C0E4D8500257B9D /* PhotoGoApp.swift */; };
		06BBABB02C0E4D8500257B9D /* GroupOrderView.swift in Sources */ = {isa = PBXBuildFile; fileRef = 06BBABAF2C0E4D8500257B9D /* GroupOrderView.swift */; };
		06BBABB22C0E4D8600257B9D /* Assets.xcassets in Resources */ = {isa = PBXBuildFile; fileRef = 06BBABB12C0E4D8600257B9D /* Assets.xcassets */; };
		06BBABB52C0E4D8600257B9D /* Preview Assets.xcassets in Resources */ = {isa = PBXBuildFile; fileRef = 06BBABB42C0E4D8600257B9D /* Preview Assets.xcassets */; };
		06BBABBC2C0E4DB800257B9D /* GroupOrder.swift in Sources */ = {isa = PBXBuildFile; fileRef = 06BBABBB2C0E4DB800257B9D /* GroupOrder.swift */; };
		06BBABBE2C0E4DD800257B9D /* GroupOrderDetailView.swift in Sources */ = {isa = PBXBuildFile; fileRef = 06BBABBD2C0E4DD800257B9D /* GroupOrderDetailView.swift */; };
		06BBABC02C0E4EA400257B9D /* GroupOrderTableView.swift in Sources */ = {isa = PBXBuildFile; fileRef = 06BBABBF2C0E4EA400257B9D /* GroupOrderTableView.swift */; };
		06BBABC22C0E67DB00257B9D /* ContentView.swift in Sources */ = {isa = PBXBuildFile; fileRef = 06BBABC12C0E67DB00257B9D /* ContentView.swift */; };
		06BBABC42C0E6B9300257B9D /* GroupOrder+Extension.swift in Sources */ = {isa = PBXBuildFile; fileRef = 06BBABC32C0E6B9300257B9D /* GroupOrder+Extension.swift */; };
		06CE3EB42C34AB88006CC291 /* Localizable.xcstrings in Resources */ = {isa = PBXBuildFile; fileRef = 06CE3EB32C34AB88006CC291 /* Localizable.xcstrings */; };
		06DC715F2C2A1B46009F9511 /* GoogleService-Info.plist in Resources */ = {isa = PBXBuildFile; fileRef = 06DC715E2C2A1B46009F9511 /* GoogleService-Info.plist */; };
		06DC71622C2A1CB9009F9511 /* FirebaseAnalytics in Frameworks */ = {isa = PBXBuildFile; productRef = 06DC71612C2A1CB9009F9511 /* FirebaseAnalytics */; };
		06DC71642C2A1CB9009F9511 /* FirebaseAnalyticsOnDeviceConversion in Frameworks */ = {isa = PBXBuildFile; productRef = 06DC71632C2A1CB9009F9511 /* FirebaseAnalyticsOnDeviceConversion */; };
		06DC71662C2A1CB9009F9511 /* FirebaseAnalyticsSwift in Frameworks */ = {isa = PBXBuildFile; productRef = 06DC71652C2A1CB9009F9511 /* FirebaseAnalyticsSwift */; };
		06DC71682C2A1CB9009F9511 /* FirebaseAnalyticsWithoutAdIdSupport in Frameworks */ = {isa = PBXBuildFile; productRef = 06DC71672C2A1CB9009F9511 /* FirebaseAnalyticsWithoutAdIdSupport */; };
		06DC716A2C2A1CB9009F9511 /* FirebaseAppCheck in Frameworks */ = {isa = PBXBuildFile; productRef = 06DC71692C2A1CB9009F9511 /* FirebaseAppCheck */; };
		06DC716C2C2A20AD009F9511 /* AppDelegate.swift in Sources */ = {isa = PBXBuildFile; fileRef = 06DC716B2C2A20AD009F9511 /* AppDelegate.swift */; };
		06DC716E2C2A2407009F9511 /* AddNewGroupOrderView.swift in Sources */ = {isa = PBXBuildFile; fileRef = 06DC716D2C2A2407009F9511 /* AddNewGroupOrderView.swift */; };
/* End PBXBuildFile section */

/* Begin PBXFileReference section */
		06BBABAA2C0E4D8500257B9D /* PhotoGo.app */ = {isa = PBXFileReference; explicitFileType = wrapper.application; includeInIndex = 0; path = PhotoGo.app; sourceTree = BUILT_PRODUCTS_DIR; };
		06BBABAD2C0E4D8500257B9D /* PhotoGoApp.swift */ = {isa = PBXFileReference; lastKnownFileType = sourcecode.swift; path = PhotoGoApp.swift; sourceTree = "<group>"; };
		06BBABAF2C0E4D8500257B9D /* GroupOrderView.swift */ = {isa = PBXFileReference; lastKnownFileType = sourcecode.swift; path = GroupOrderView.swift; sourceTree = "<group>"; };
		06BBABB12C0E4D8600257B9D /* Assets.xcassets */ = {isa = PBXFileReference; lastKnownFileType = folder.assetcatalog; path = Assets.xcassets; sourceTree = "<group>"; };
		06BBABB42C0E4D8600257B9D /* Preview Assets.xcassets */ = {isa = PBXFileReference; lastKnownFileType = folder.assetcatalog; path = "Preview Assets.xcassets"; sourceTree = "<group>"; };
		06BBABBB2C0E4DB800257B9D /* GroupOrder.swift */ = {isa = PBXFileReference; lastKnownFileType = sourcecode.swift; path = GroupOrder.swift; sourceTree = "<group>"; };
		06BBABBD2C0E4DD800257B9D /* GroupOrderDetailView.swift */ = {isa = PBXFileReference; lastKnownFileType = sourcecode.swift; path = GroupOrderDetailView.swift; sourceTree = "<group>"; };
		06BBABBF2C0E4EA400257B9D /* GroupOrderTableView.swift */ = {isa = PBXFileReference; lastKnownFileType = sourcecode.swift; path = GroupOrderTableView.swift; sourceTree = "<group>"; };
		06BBABC12C0E67DB00257B9D /* ContentView.swift */ = {isa = PBXFileReference; lastKnownFileType = sourcecode.swift; path = ContentView.swift; sourceTree = "<group>"; };
		06BBABC32C0E6B9300257B9D /* GroupOrder+Extension.swift */ = {isa = PBXFileReference; lastKnownFileType = sourcecode.swift; path = "GroupOrder+Extension.swift"; sourceTree = "<group>"; };
		06CE3EB32C34AB88006CC291 /* Localizable.xcstrings */ = {isa = PBXFileReference; lastKnownFileType = text.json.xcstrings; path = Localizable.xcstrings; sourceTree = "<group>"; };
		06DC715E2C2A1B46009F9511 /* GoogleService-Info.plist */ = {isa = PBXFileReference; fileEncoding = 4; lastKnownFileType = text.plist.xml; path = "GoogleService-Info.plist"; sourceTree = "<group>"; };
		06DC716B2C2A20AD009F9511 /* AppDelegate.swift */ = {isa = PBXFileReference; lastKnownFileType = sourcecode.swift; path = AppDelegate.swift; sourceTree = "<group>"; };
		06DC716D2C2A2407009F9511 /* AddNewGroupOrderView.swift */ = {isa = PBXFileReference; lastKnownFileType = sourcecode.swift; path = AddNewGroupOrderView.swift; sourceTree = "<group>"; };
/* End PBXFileReference section */

/* Begin PBXFrameworksBuildPhase section */
		06BBABA72C0E4D8500257B9D /* Frameworks */ = {
			isa = PBXFrameworksBuildPhase;
			buildActionMask = 2147483647;
			files = (
				06DC71662C2A1CB9009F9511 /* FirebaseAnalyticsSwift in Frameworks */,
				06DC71622C2A1CB9009F9511 /* FirebaseAnalytics in Frameworks */,
				06DC71642C2A1CB9009F9511 /* FirebaseAnalyticsOnDeviceConversion in Frameworks */,
				06DC716A2C2A1CB9009F9511 /* FirebaseAppCheck in Frameworks */,
				06DC71682C2A1CB9009F9511 /* FirebaseAnalyticsWithoutAdIdSupport in Frameworks */,
			);
			runOnlyForDeploymentPostprocessing = 0;
		};
/* End PBXFrameworksBuildPhase section */

/* Begin PBXGroup section */
		06672EFB2C5840A500716052 /* Services */ = {
			isa = PBXGroup;
			children = (
			);
			path = Services;
			sourceTree = "<group>";
		};
		06672EFC2C5840AB00716052 /* Repositories */ = {
			isa = PBXGroup;
			children = (
			);
			path = Repositories;
			sourceTree = "<group>";
		};
		06672EFD2C5840BA00716052 /* ViewModels */ = {
			isa = PBXGroup;
			children = (
			);
			path = ViewModels;
			sourceTree = "<group>";
		};
		06672EFE2C5840C000716052 /* Views */ = {
			isa = PBXGroup;
			children = (
				06BBABC12C0E67DB00257B9D /* ContentView.swift */,
				06DC716D2C2A2407009F9511 /* AddNewGroupOrderView.swift */,
				06BBABBF2C0E4EA400257B9D /* GroupOrderTableView.swift */,
				06BBABAF2C0E4D8500257B9D /* GroupOrderView.swift */,
				06BBABBD2C0E4DD800257B9D /* GroupOrderDetailView.swift */,
			);
			path = Views;
			sourceTree = "<group>";
		};
		06672EFF2C5840C400716052 /* Models */ = {
			isa = PBXGroup;
			children = (
				06BBABBB2C0E4DB800257B9D /* GroupOrder.swift */,
			);
			path = Models;
			sourceTree = "<group>";
		};
		06BBABA12C0E4D8500257B9D = {
			isa = PBXGroup;
			children = (
				06BBABAC2C0E4D8500257B9D /* PhotoGo */,
				06BBABAB2C0E4D8500257B9D /* Products */,
			);
			sourceTree = "<group>";
		};
		06BBABAB2C0E4D8500257B9D /* Products */ = {
			isa = PBXGroup;
			children = (
				06BBABAA2C0E4D8500257B9D /* PhotoGo.app */,
			);
			name = Products;
			sourceTree = "<group>";
		};
		06BBABAC2C0E4D8500257B9D /* PhotoGo */ = {
			isa = PBXGroup;
			children = (
				06672EFF2C5840C400716052 /* Models */,
				06672EFE2C5840C000716052 /* Views */,
				06672EFD2C5840BA00716052 /* ViewModels */,
				06672EFC2C5840AB00716052 /* Repositories */,
				06672EFB2C5840A500716052 /* Services */,
				06BBABB32C0E4D8600257B9D /* Preview Content */,
				06DC716B2C2A20AD009F9511 /* AppDelegate.swift */,
				06BBABAD2C0E4D8500257B9D /* PhotoGoApp.swift */,
				06DC715E2C2A1B46009F9511 /* GoogleService-Info.plist */,
				06CE3EB32C34AB88006CC291 /* Localizable.xcstrings */,
				06BBABB12C0E4D8600257B9D /* Assets.xcassets */,
			);
			path = PhotoGo;
			sourceTree = "<group>";
		};
		06BBABB32C0E4D8600257B9D /* Preview Content */ = {
			isa = PBXGroup;
			children = (
				06BBABB42C0E4D8600257B9D /* Preview Assets.xcassets */,
				06BBABC32C0E6B9300257B9D /* GroupOrder+Extension.swift */,
			);
			path = "Preview Content";
			sourceTree = "<group>";
		};
/* End PBXGroup section */

/* Begin PBXNativeTarget section */
		06BBABA92C0E4D8500257B9D /* PhotoGo */ = {
			isa = PBXNativeTarget;
			buildConfigurationList = 06BBABB82C0E4D8600257B9D /* Build configuration list for PBXNativeTarget "PhotoGo" */;
			buildPhases = (
				06BBABA62C0E4D8500257B9D /* Sources */,
				06BBABA72C0E4D8500257B9D /* Frameworks */,
				06BBABA82C0E4D8500257B9D /* Resources */,
			);
			buildRules = (
			);
			dependencies = (
			);
			name = PhotoGo;
			packageProductDependencies = (
				06DC71612C2A1CB9009F9511 /* FirebaseAnalytics */,
				06DC71632C2A1CB9009F9511 /* FirebaseAnalyticsOnDeviceConversion */,
				06DC71652C2A1CB9009F9511 /* FirebaseAnalyticsSwift */,
				06DC71672C2A1CB9009F9511 /* FirebaseAnalyticsWithoutAdIdSupport */,
				06DC71692C2A1CB9009F9511 /* FirebaseAppCheck */,
			);
			productName = PhotoGo;
			productReference = 06BBABAA2C0E4D8500257B9D /* PhotoGo.app */;
			productType = "com.apple.product-type.application";
		};
/* End PBXNativeTarget section */

/* Begin PBXProject section */
		06BBABA22C0E4D8500257B9D /* Project object */ = {
			isa = PBXProject;
			attributes = {
				BuildIndependentTargetsInParallel = 1;
				LastSwiftUpdateCheck = 1500;
				LastUpgradeCheck = 1500;
				TargetAttributes = {
					06BBABA92C0E4D8500257B9D = {
						CreatedOnToolsVersion = 15.0;
					};
				};
			};
			buildConfigurationList = 06BBABA52C0E4D8500257B9D /* Build configuration list for PBXProject "PhotoGo" */;
			compatibilityVersion = "Xcode 14.0";
			developmentRegion = en;
			hasScannedForEncodings = 0;
			knownRegions = (
				en,
				Base,
				es,
				ko,
			);
			mainGroup = 06BBABA12C0E4D8500257B9D;
			packageReferences = (
				06DC71602C2A1CB9009F9511 /* XCRemoteSwiftPackageReference "firebase-ios-sdk" */,
			);
			productRefGroup = 06BBABAB2C0E4D8500257B9D /* Products */;
			projectDirPath = "";
			projectRoot = "";
			targets = (
				06BBABA92C0E4D8500257B9D /* PhotoGo */,
			);
		};
/* End PBXProject section */

/* Begin PBXResourcesBuildPhase section */
		06BBABA82C0E4D8500257B9D /* Resources */ = {
			isa = PBXResourcesBuildPhase;
			buildActionMask = 2147483647;
			files = (
				06BBABB52C0E4D8600257B9D /* Preview Assets.xcassets in Resources */,
				06BBABB22C0E4D8600257B9D /* Assets.xcassets in Resources */,
				06CE3EB42C34AB88006CC291 /* Localizable.xcstrings in Resources */,
				06DC715F2C2A1B46009F9511 /* GoogleService-Info.plist in Resources */,
			);
			runOnlyForDeploymentPostprocessing = 0;
		};
/* End PBXResourcesBuildPhase section */

/* Begin PBXSourcesBuildPhase section */
		06BBABA62C0E4D8500257B9D /* Sources */ = {
			isa = PBXSourcesBuildPhase;
			buildActionMask = 2147483647;
			files = (
				06DC716C2C2A20AD009F9511 /* AppDelegate.swift in Sources */,
				06BBABBE2C0E4DD800257B9D /* GroupOrderDetailView.swift in Sources */,
				06BBABC02C0E4EA400257B9D /* GroupOrderTableView.swift in Sources */,
				06DC716E2C2A2407009F9511 /* AddNewGroupOrderView.swift in Sources */,
				06BBABC42C0E6B9300257B9D /* GroupOrder+Extension.swift in Sources */,
				06BBABC22C0E67DB00257B9D /* ContentView.swift in Sources */,
				06BBABB02C0E4D8500257B9D /* GroupOrderView.swift in Sources */,
				06BBABAE2C0E4D8500257B9D /* PhotoGoApp.swift in Sources */,
				06BBABBC2C0E4DB800257B9D /* GroupOrder.swift in Sources */,
			);
			runOnlyForDeploymentPostprocessing = 0;
		};
/* End PBXSourcesBuildPhase section */

/* Begin XCBuildConfiguration section */
		06BBABB62C0E4D8600257B9D /* Debug */ = {
			isa = XCBuildConfiguration;
			buildSettings = {
				ALWAYS_SEARCH_USER_PATHS = NO;
				ASSETCATALOG_COMPILER_GENERATE_SWIFT_ASSET_SYMBOL_EXTENSIONS = YES;
				CLANG_ANALYZER_LOCALIZABILITY_NONLOCALIZED = YES;
				CLANG_ANALYZER_NONNULL = YES;
				CLANG_ANALYZER_NUMBER_OBJECT_CONVERSION = YES_AGGRESSIVE;
				CLANG_CXX_LANGUAGE_STANDARD = "gnu++20";
				CLANG_ENABLE_MODULES = YES;
				CLANG_ENABLE_OBJC_ARC = YES;
				CLANG_ENABLE_OBJC_WEAK = YES;
				CLANG_WARN_BLOCK_CAPTURE_AUTORELEASING = YES;
				CLANG_WARN_BOOL_CONVERSION = YES;
				CLANG_WARN_COMMA = YES;
				CLANG_WARN_CONSTANT_CONVERSION = YES;
				CLANG_WARN_DEPRECATED_OBJC_IMPLEMENTATIONS = YES;
				CLANG_WARN_DIRECT_OBJC_ISA_USAGE = YES_ERROR;
				CLANG_WARN_DOCUMENTATION_COMMENTS = YES;
				CLANG_WARN_EMPTY_BODY = YES;
				CLANG_WARN_ENUM_CONVERSION = YES;
				CLANG_WARN_INFINITE_RECURSION = YES;
				CLANG_WARN_INT_CONVERSION = YES;
				CLANG_WARN_NON_LITERAL_NULL_CONVERSION = YES;
				CLANG_WARN_OBJC_IMPLICIT_RETAIN_SELF = YES;
				CLANG_WARN_OBJC_LITERAL_CONVERSION = YES;
				CLANG_WARN_OBJC_ROOT_CLASS = YES_ERROR;
				CLANG_WARN_QUOTED_INCLUDE_IN_FRAMEWORK_HEADER = YES;
				CLANG_WARN_RANGE_LOOP_ANALYSIS = YES;
				CLANG_WARN_STRICT_PROTOTYPES = YES;
				CLANG_WARN_SUSPICIOUS_MOVE = YES;
				CLANG_WARN_UNGUARDED_AVAILABILITY = YES_AGGRESSIVE;
				CLANG_WARN_UNREACHABLE_CODE = YES;
				CLANG_WARN__DUPLICATE_METHOD_MATCH = YES;
				COPY_PHASE_STRIP = NO;
				DEBUG_INFORMATION_FORMAT = dwarf;
				ENABLE_STRICT_OBJC_MSGSEND = YES;
				ENABLE_TESTABILITY = YES;
				ENABLE_USER_SCRIPT_SANDBOXING = YES;
				GCC_C_LANGUAGE_STANDARD = gnu17;
				GCC_DYNAMIC_NO_PIC = NO;
				GCC_NO_COMMON_BLOCKS = YES;
				GCC_OPTIMIZATION_LEVEL = 0;
				GCC_PREPROCESSOR_DEFINITIONS = (
					"DEBUG=1",
					"$(inherited)",
				);
				GCC_WARN_64_TO_32_BIT_CONVERSION = YES;
				GCC_WARN_ABOUT_RETURN_TYPE = YES_ERROR;
				GCC_WARN_UNDECLARED_SELECTOR = YES;
				GCC_WARN_UNINITIALIZED_AUTOS = YES_AGGRESSIVE;
				GCC_WARN_UNUSED_FUNCTION = YES;
				GCC_WARN_UNUSED_VARIABLE = YES;
				IPHONEOS_DEPLOYMENT_TARGET = 17.0;
				LOCALIZATION_PREFERS_STRING_CATALOGS = YES;
				MTL_ENABLE_DEBUG_INFO = INCLUDE_SOURCE;
				MTL_FAST_MATH = YES;
				ONLY_ACTIVE_ARCH = YES;
				SDKROOT = iphoneos;
				SWIFT_ACTIVE_COMPILATION_CONDITIONS = "DEBUG $(inherited)";
				SWIFT_OPTIMIZATION_LEVEL = "-Onone";
			};
			name = Debug;
		};
		06BBABB72C0E4D8600257B9D /* Release */ = {
			isa = XCBuildConfiguration;
			buildSettings = {
				ALWAYS_SEARCH_USER_PATHS = NO;
				ASSETCATALOG_COMPILER_GENERATE_SWIFT_ASSET_SYMBOL_EXTENSIONS = YES;
				CLANG_ANALYZER_LOCALIZABILITY_NONLOCALIZED = YES;
				CLANG_ANALYZER_NONNULL = YES;
				CLANG_ANALYZER_NUMBER_OBJECT_CONVERSION = YES_AGGRESSIVE;
				CLANG_CXX_LANGUAGE_STANDARD = "gnu++20";
				CLANG_ENABLE_MODULES = YES;
				CLANG_ENABLE_OBJC_ARC = YES;
				CLANG_ENABLE_OBJC_WEAK = YES;
				CLANG_WARN_BLOCK_CAPTURE_AUTORELEASING = YES;
				CLANG_WARN_BOOL_CONVERSION = YES;
				CLANG_WARN_COMMA = YES;
				CLANG_WARN_CONSTANT_CONVERSION = YES;
				CLANG_WARN_DEPRECATED_OBJC_IMPLEMENTATIONS = YES;
				CLANG_WARN_DIRECT_OBJC_ISA_USAGE = YES_ERROR;
				CLANG_WARN_DOCUMENTATION_COMMENTS = YES;
				CLANG_WARN_EMPTY_BODY = YES;
				CLANG_WARN_ENUM_CONVERSION = YES;
				CLANG_WARN_INFINITE_RECURSION = YES;
				CLANG_WARN_INT_CONVERSION = YES;
				CLANG_WARN_NON_LITERAL_NULL_CONVERSION = YES;
				CLANG_WARN_OBJC_IMPLICIT_RETAIN_SELF = YES;
				CLANG_WARN_OBJC_LITERAL_CONVERSION = YES;
				CLANG_WARN_OBJC_ROOT_CLASS = YES_ERROR;
				CLANG_WARN_QUOTED_INCLUDE_IN_FRAMEWORK_HEADER = YES;
				CLANG_WARN_RANGE_LOOP_ANALYSIS = YES;
				CLANG_WARN_STRICT_PROTOTYPES = YES;
				CLANG_WARN_SUSPICIOUS_MOVE = YES;
				CLANG_WARN_UNGUARDED_AVAILABILITY = YES_AGGRESSIVE;
				CLANG_WARN_UNREACHABLE_CODE = YES;
				CLANG_WARN__DUPLICATE_METHOD_MATCH = YES;
				COPY_PHASE_STRIP = NO;
				DEBUG_INFORMATION_FORMAT = "dwarf-with-dsym";
				ENABLE_NS_ASSERTIONS = NO;
				ENABLE_STRICT_OBJC_MSGSEND = YES;
				ENABLE_USER_SCRIPT_SANDBOXING = YES;
				GCC_C_LANGUAGE_STANDARD = gnu17;
				GCC_NO_COMMON_BLOCKS = YES;
				GCC_WARN_64_TO_32_BIT_CONVERSION = YES;
				GCC_WARN_ABOUT_RETURN_TYPE = YES_ERROR;
				GCC_WARN_UNDECLARED_SELECTOR = YES;
				GCC_WARN_UNINITIALIZED_AUTOS = YES_AGGRESSIVE;
				GCC_WARN_UNUSED_FUNCTION = YES;
				GCC_WARN_UNUSED_VARIABLE = YES;
				IPHONEOS_DEPLOYMENT_TARGET = 17.0;
				LOCALIZATION_PREFERS_STRING_CATALOGS = YES;
				MTL_ENABLE_DEBUG_INFO = NO;
				MTL_FAST_MATH = YES;
				SDKROOT = iphoneos;
				SWIFT_COMPILATION_MODE = wholemodule;
				VALIDATE_PRODUCT = YES;
			};
			name = Release;
		};
		06BBABB92C0E4D8600257B9D /* Debug */ = {
			isa = XCBuildConfiguration;
			buildSettings = {
				ASSETCATALOG_COMPILER_APPICON_NAME = AppIcon;
				ASSETCATALOG_COMPILER_GLOBAL_ACCENT_COLOR_NAME = AccentColor;
				CODE_SIGN_STYLE = Automatic;
				CURRENT_PROJECT_VERSION = 1;
				DEVELOPMENT_ASSET_PATHS = "\"PhotoGo/Preview Content\"";
				DEVELOPMENT_TEAM = G2FRNW2CX2;
				ENABLE_PREVIEWS = YES;
				GENERATE_INFOPLIST_FILE = YES;
				INFOPLIST_KEY_UIApplicationSceneManifest_Generation = YES;
				INFOPLIST_KEY_UIApplicationSupportsIndirectInputEvents = YES;
				INFOPLIST_KEY_UILaunchScreen_Generation = YES;
				INFOPLIST_KEY_UISupportedInterfaceOrientations_iPad = "UIInterfaceOrientationPortrait UIInterfaceOrientationPortraitUpsideDown UIInterfaceOrientationLandscapeLeft UIInterfaceOrientationLandscapeRight";
				INFOPLIST_KEY_UISupportedInterfaceOrientations_iPhone = "UIInterfaceOrientationPortrait UIInterfaceOrientationLandscapeLeft UIInterfaceOrientationLandscapeRight";
				LD_RUNPATH_SEARCH_PATHS = (
					"$(inherited)",
					"@executable_path/Frameworks",
				);
				MARKETING_VERSION = 1.0;
				PRODUCT_BUNDLE_IDENTIFIER = fla99916.PhotoGo;
				PRODUCT_NAME = "$(TARGET_NAME)";
				SWIFT_EMIT_LOC_STRINGS = YES;
				SWIFT_VERSION = 5.0;
				TARGETED_DEVICE_FAMILY = "1,2";
			};
			name = Debug;
		};
		06BBABBA2C0E4D8600257B9D /* Release */ = {
			isa = XCBuildConfiguration;
			buildSettings = {
				ASSETCATALOG_COMPILER_APPICON_NAME = AppIcon;
				ASSETCATALOG_COMPILER_GLOBAL_ACCENT_COLOR_NAME = AccentColor;
				CODE_SIGN_STYLE = Automatic;
				CURRENT_PROJECT_VERSION = 1;
				DEVELOPMENT_ASSET_PATHS = "\"PhotoGo/Preview Content\"";
				DEVELOPMENT_TEAM = G2FRNW2CX2;
				ENABLE_PREVIEWS = YES;
				GENERATE_INFOPLIST_FILE = YES;
				INFOPLIST_KEY_UIApplicationSceneManifest_Generation = YES;
				INFOPLIST_KEY_UIApplicationSupportsIndirectInputEvents = YES;
				INFOPLIST_KEY_UILaunchScreen_Generation = YES;
				INFOPLIST_KEY_UISupportedInterfaceOrientations_iPad = "UIInterfaceOrientationPortrait UIInterfaceOrientationPortraitUpsideDown UIInterfaceOrientationLandscapeLeft UIInterfaceOrientationLandscapeRight";
				INFOPLIST_KEY_UISupportedInterfaceOrientations_iPhone = "UIInterfaceOrientationPortrait UIInterfaceOrientationLandscapeLeft UIInterfaceOrientationLandscapeRight";
				LD_RUNPATH_SEARCH_PATHS = (
					"$(inherited)",
					"@executable_path/Frameworks",
				);
				MARKETING_VERSION = 1.0;
				PRODUCT_BUNDLE_IDENTIFIER = fla99916.PhotoGo;
				PRODUCT_NAME = "$(TARGET_NAME)";
				SWIFT_EMIT_LOC_STRINGS = YES;
				SWIFT_VERSION = 5.0;
				TARGETED_DEVICE_FAMILY = "1,2";
			};
			name = Release;
		};
/* End XCBuildConfiguration section */

/* Begin XCConfigurationList section */
		06BBABA52C0E4D8500257B9D /* Build configuration list for PBXProject "PhotoGo" */ = {
			isa = XCConfigurationList;
			buildConfigurations = (
				06BBABB62C0E4D8600257B9D /* Debug */,
				06BBABB72C0E4D8600257B9D /* Release */,
			);
			defaultConfigurationIsVisible = 0;
			defaultConfigurationName = Release;
		};
		06BBABB82C0E4D8600257B9D /* Build configuration list for PBXNativeTarget "PhotoGo" */ = {
			isa = XCConfigurationList;
			buildConfigurations = (
				06BBABB92C0E4D8600257B9D /* Debug */,
				06BBABBA2C0E4D8600257B9D /* Release */,
			);
			defaultConfigurationIsVisible = 0;
			defaultConfigurationName = Release;
		};
/* End XCConfigurationList section */

/* Begin XCRemoteSwiftPackageReference section */
		06DC71602C2A1CB9009F9511 /* XCRemoteSwiftPackageReference "firebase-ios-sdk" */ = {
			isa = XCRemoteSwiftPackageReference;
			repositoryURL = "https://github.com/firebase/firebase-ios-sdk";
			requirement = {
				kind = upToNextMajorVersion;
				minimumVersion = 10.28.1;
			};
		};
/* End XCRemoteSwiftPackageReference section */

/* Begin XCSwiftPackageProductDependency section */
		06DC71612C2A1CB9009F9511 /* FirebaseAnalytics */ = {
			isa = XCSwiftPackageProductDependency;
			package = 06DC71602C2A1CB9009F9511 /* XCRemoteSwiftPackageReference "firebase-ios-sdk" */;
			productName = FirebaseAnalytics;
		};
		06DC71632C2A1CB9009F9511 /* FirebaseAnalyticsOnDeviceConversion */ = {
			isa = XCSwiftPackageProductDependency;
			package = 06DC71602C2A1CB9009F9511 /* XCRemoteSwiftPackageReference "firebase-ios-sdk" */;
			productName = FirebaseAnalyticsOnDeviceConversion;
		};
		06DC71652C2A1CB9009F9511 /* FirebaseAnalyticsSwift */ = {
			isa = XCSwiftPackageProductDependency;
			package = 06DC71602C2A1CB9009F9511 /* XCRemoteSwiftPackageReference "firebase-ios-sdk" */;
			productName = FirebaseAnalyticsSwift;
		};
		06DC71672C2A1CB9009F9511 /* FirebaseAnalyticsWithoutAdIdSupport */ = {
			isa = XCSwiftPackageProductDependency;
			package = 06DC71602C2A1CB9009F9511 /* XCRemoteSwiftPackageReference "firebase-ios-sdk" */;
			productName = FirebaseAnalyticsWithoutAdIdSupport;
		};
		06DC71692C2A1CB9009F9511 /* FirebaseAppCheck */ = {
			isa = XCSwiftPackageProductDependency;
			package = 06DC71602C2A1CB9009F9511 /* XCRemoteSwiftPackageReference "firebase-ios-sdk" */;
			productName = FirebaseAppCheck;
		};
/* End XCSwiftPackageProductDependency section */
	};
	rootObject = 06BBABA22C0E4D8500257B9D /* Project object */;
}
